PODS:
  - Firebase/Auth (7.3.0):
    - Firebase/CoreOnly
    - FirebaseAuth (~> 7.3.0)
  - Firebase/CoreOnly (7.3.0):
    - FirebaseCore (= 7.3.0)
  - Firebase/Database (7.3.0):
    - Firebase/CoreOnly
    - FirebaseDatabase (~> 7.3.0)
  - firebase_auth (0.20.0-1):
    - Firebase/Auth (= 7.3.0)
    - firebase_core
    - Flutter
  - firebase_core (0.7.0):
    - Firebase/CoreOnly (= 7.3.0)
    - Flutter
  - firebase_database (6.0.0):
    - Firebase/Database (= 7.3.0)
    - firebase_core
    - Flutter
  - FirebaseAuth (7.3.0):
    - FirebaseCore (~> 7.0)
    - GoogleUtilities/AppDelegateSwizzler (~> 7.0)
    - GoogleUtilities/Environment (~> 7.0)
    - GTMSessionFetcher/Core (~> 1.4)
  - FirebaseCore (7.3.0):
    - FirebaseCoreDiagnostics (~> 7.0)
    - GoogleUtilities/Environment (~> 7.0)
    - GoogleUtilities/Logger (~> 7.0)
  - FirebaseCoreDiagnostics (7.5.0):
    - GoogleDataTransport (~> 8.0)
    - GoogleUtilities/Environment (~> 7.0)
    - GoogleUtilities/Logger (~> 7.0)
    - nanopb (~> 2.30907.0)
  - FirebaseDatabase (7.3.0):
    - FirebaseCore (~> 7.0)
    - leveldb-library (~> 1.22)
  - Flutter (1.0.0)
  - GoogleDataTransport (8.2.0):
    - nanopb (~> 2.30907.0)
  - GoogleUtilities/AppDelegateSwizzler (7.2.2):
    - GoogleUtilities/Environment
    - GoogleUtilities/Logger
    - GoogleUtilities/Network
  - GoogleUtilities/Environment (7.2.2):
    - PromisesObjC (~> 1.2)
  - GoogleUtilities/Logger (7.2.2):
    - GoogleUtilities/Environment
  - GoogleUtilities/Network (7.2.2):
    - GoogleUtilities/Logger
    - "GoogleUtilities/NSData+zlib"
    - GoogleUtilities/Reachability
  - "GoogleUtilities/NSData+zlib (7.2.2)"
  - GoogleUtilities/Reachability (7.2.2):
    - GoogleUtilities/Logger
  - GTMSessionFetcher/Core (1.5.0)
  - leveldb-library (1.22)
  - nanopb (2.30907.0):
    - nanopb/decode (= 2.30907.0)
    - nanopb/encode (= 2.30907.0)
  - nanopb/decode (2.30907.0)
  - nanopb/encode (2.30907.0)
  - PromisesObjC (1.2.12)

DEPENDENCIES:
  - firebase_auth (from `.symlinks/plugins/firebase_auth/ios`)
  - firebase_core (from `.symlinks/plugins/firebase_core/ios`)
  - firebase_database (from `.symlinks/plugins/firebase_database/ios`)
  - Flutter (from `Flutter`)

SPEC REPOS:
  trunk:
    - Firebase
    - FirebaseAuth
    - FirebaseCore
    - FirebaseCoreDiagnostics
    - FirebaseDatabase
    - GoogleDataTransport
    - GoogleUtilities
    - GTMSessionFetcher
    - leveldb-library
    - nanopb
    - PromisesObjC

EXTERNAL SOURCES:
  firebase_auth:
    :path: ".symlinks/plugins/firebase_auth/ios"
  firebase_core:
    :path: ".symlinks/plugins/firebase_core/ios"
  firebase_database:
    :path: ".symlinks/plugins/firebase_database/ios"
  Flutter:
    :path: Flutter

SPEC CHECKSUMS:
  Firebase: 26223c695fe322633274198cb19dca8cb7e54416
  firebase_auth: b55e5136528dced982022ee073ed4b48f15c055c
  firebase_core: 91b27774a52f41f8b58484a75edf71197ac01c59
  firebase_database: 3a4ba698b64cf7d2c5e4b6e00e5ed5bb6898815b
  FirebaseAuth: c224a0cf1afa0949bd5c7bfcf154b4f5ce8ddef2
  FirebaseCore: 4d3c72622ce0e2106aaa07bb4b2935ba2c370972
  FirebaseCoreDiagnostics: 35685db68b11fe7d19d2d8b557fd7e3a56ac81cc
  FirebaseDatabase: 22199cb121a527ae59df646d61426fbb12f5627a
  Flutter: 0e3d915762c693b495b44d77113d4970485de6ec
  GoogleDataTransport: 1024b1a4dfbd7a0e92cb20d7e0a6f1fb66b449a4
  GoogleUtilities: 31c5b01f978a70c6cff2afc6272b3f1921614b43
  GTMSessionFetcher: b3503b20a988c4e20cc189aa798fd18220133f52
  leveldb-library: 55d93ee664b4007aac644a782d11da33fba316f7
  nanopb: 59221d7f958fb711001e6a449489542d92ae113e
  PromisesObjC: 3113f7f76903778cf4a0586bd1ab89329a0b7b97

PODFILE CHECKSUM: a75497545d4391e2d394c3668e20cfb1c2bbd4aa

COCOAPODS: 1.10.1
